
Microsoft Visual Studio Solution File, Format Version 12.00
# Visual Studio 2012
Project("{FAE04EC0-301F-11D3-BF4B-00C04F79EFBC}") = "Mvc_Project_In_Mac", "Mvc_Project_In_Mac\Mvc_Project_In_Mac.csproj", "{76B1974C-F9CA-47AC-90C2-BA7CBE3749B8}"
EndProject
Global
	GlobalSection(SolutionConfigurationPlatforms) = preSolution
		Debug|Any CPU = Debug|Any CPU
		Release|Any CPU = Release|Any CPU
	EndGlobalSection
	GlobalSection(ProjectConfigurationPlatforms) = postSolution
		{76B1974C-F9CA-47AC-90C2-BA7CBE3749B8}.Debug|Any CPU.ActiveCfg = Debug|Any CPU
		{76B1974C-F9CA-47AC-90C2-BA7CBE3749B8}.Debug|Any CPU.Build.0 = Debug|Any CPU
		{76B1974C-F9CA-47AC-90C2-BA7CBE3749B8}.Release|Any CPU.ActiveCfg = Release|Any CPU
		{76B1974C-F9CA-47AC-90C2-BA7CBE3749B8}.Release|Any CPU.Build.0 = Release|Any CPU
	EndGlobalSection
EndGlobal
